
Microsoft Visual Studio Solution File, Format Version 12.00
# Visual Studio 15
VisualStudioVersion = 15.0.28307.2092
MinimumVisualStudioVersion = 10.0.40219.1
Project("{FAE04EC0-301F-11D3-BF4B-00C04F79EFBC}") = "06.02", "06.02\06.02.csproj", "{1FDFA3FD-60FE-4DD1-8236-1CD12EBD9138}"
EndProject
Global
	GlobalSection(SolutionConfigurationPlatforms) = preSolution
		Debug|Any CPU = Debug|Any CPU
		Release|Any CPU = Release|Any CPU
	EndGlobalSection
	GlobalSection(ProjectConfigurationPlatforms) = postSolution
		{1FDFA3FD-60FE-4DD1-8236-1CD12EBD9138}.Debug|Any CPU.ActiveCfg = Debug|Any CPU
		{1FDFA3FD-60FE-4DD1-8236-1CD12EBD9138}.Debug|Any CPU.Build.0 = Debug|Any CPU
		{1FDFA3FD-60FE-4DD1-8236-1CD12EBD9138}.Release|Any CPU.ActiveCfg = Release|Any CPU
		{1FDFA3FD-60FE-4DD1-8236-1CD12EBD9138}.Release|Any CPU.Build.0 = Release|Any CPU
	EndGlobalSection
	GlobalSection(SolutionProperties) = preSolution
		HideSolutionNode = FALSE
	EndGlobalSection
	GlobalSection(ExtensibilityGlobals) = postSolution
		SolutionGuid = {67E56923-D650-449C-BC07-0F60C033D189}
	EndGlobalSection
EndGlobal
